
Microsoft Visual Studio Solution File, Format Version 12.00
# Visual Studio Version 16
VisualStudioVersion = 16.0.31205.134
MinimumVisualStudioVersion = 10.0.40219.1
Project("{FAE04EC0-301F-11D3-BF4B-00C04F79EFBC}") = "MItsumiBLL", "MItsumiBLL\MItsumiBLL.csproj", "{19362F91-C4B4-4F1A-894A-CAC95E9A07BB}"
EndProject
Project("{FAE04EC0-301F-11D3-BF4B-00C04F79EFBC}") = "MItsumiDAL", "MItsumiDAL\MItsumiDAL.csproj", "{0BC7467F-A61C-42DB-888B-B32B484D15A1}"
EndProject
Project("{FAE04EC0-301F-11D3-BF4B-00C04F79EFBC}") = "MitsumiModel", "MItsumiModel\MitsumiModel\MitsumiModel.csproj", "{84F8A0DE-D929-4D56-A3EB-1A0BD7A895BB}"
EndProject
Project("{FAE04EC0-301F-11D3-BF4B-00C04F79EFBC}") = "MItsumiUtiliy", "MItsumiUtiliy\MItsumiUtiliy.csproj", "{77FB0BDB-B583-4C06-AB43-CDC439E278EF}"
EndProject
Project("{E24C65DC-7377-472B-9ABA-BC803B73C61A}") = "MItsumiWEB", "MItsumiWEB\", "{B64B3707-2FD1-4AF2-94D8-FA8BC7BE2F2D}"
	ProjectSection(WebsiteProperties) = preProject
		TargetFrameworkMoniker = ".NETFramework,Version%3Dv4.0"
		Debug.AspNetCompiler.VirtualPath = "/localhost_60579"
		Debug.AspNetCompiler.PhysicalPath = "MItsumiWEB\"
		Debug.AspNetCompiler.TargetPath = "PrecompiledWeb\localhost_60579\"
		Debug.AspNetCompiler.Updateable = "true"
		Debug.AspNetCompiler.ForceOverwrite = "true"
		Debug.AspNetCompiler.FixedNames = "false"
		Debug.AspNetCompiler.Debug = "True"
		Release.AspNetCompiler.VirtualPath = "/localhost_60579"
		Release.AspNetCompiler.PhysicalPath = "MItsumiWEB\"
		Release.AspNetCompiler.TargetPath = "PrecompiledWeb\localhost_60579\"
		Release.AspNetCompiler.Updateable = "true"
		Release.AspNetCompiler.ForceOverwrite = "true"
		Release.AspNetCompiler.FixedNames = "false"
		Release.AspNetCompiler.Debug = "False"
		VWDPort = "60579"
		SlnRelativePath = "MItsumiWEB\"
	EndProjectSection
EndProject
Global
	GlobalSection(SolutionConfigurationPlatforms) = preSolution
		Debug|Any CPU = Debug|Any CPU
		Release|Any CPU = Release|Any CPU
	EndGlobalSection
	GlobalSection(ProjectConfigurationPlatforms) = postSolution
		{19362F91-C4B4-4F1A-894A-CAC95E9A07BB}.Debug|Any CPU.ActiveCfg = Debug|Any CPU
		{19362F91-C4B4-4F1A-894A-CAC95E9A07BB}.Debug|Any CPU.Build.0 = Debug|Any CPU
		{19362F91-C4B4-4F1A-894A-CAC95E9A07BB}.Release|Any CPU.ActiveCfg = Release|Any CPU
		{19362F91-C4B4-4F1A-894A-CAC95E9A07BB}.Release|Any CPU.Build.0 = Release|Any CPU
		{0BC7467F-A61C-42DB-888B-B32B484D15A1}.Debug|Any CPU.ActiveCfg = Debug|Any CPU
		{0BC7467F-A61C-42DB-888B-B32B484D15A1}.Debug|Any CPU.Build.0 = Debug|Any CPU
		{0BC7467F-A61C-42DB-888B-B32B484D15A1}.Release|Any CPU.ActiveCfg = Release|Any CPU
		{0BC7467F-A61C-42DB-888B-B32B484D15A1}.Release|Any CPU.Build.0 = Release|Any CPU
		{84F8A0DE-D929-4D56-A3EB-1A0BD7A895BB}.Debug|Any CPU.ActiveCfg = Debug|Any CPU
		{84F8A0DE-D929-4D56-A3EB-1A0BD7A895BB}.Debug|Any CPU.Build.0 = Debug|Any CPU
		{84F8A0DE-D929-4D56-A3EB-1A0BD7A895BB}.Release|Any CPU.ActiveCfg = Release|Any CPU
		{84F8A0DE-D929-4D56-A3EB-1A0BD7A895BB}.Release|Any CPU.Build.0 = Release|Any CPU
		{77FB0BDB-B583-4C06-AB43-CDC439E278EF}.Debug|Any CPU.ActiveCfg = Debug|Any CPU
		{77FB0BDB-B583-4C06-AB43-CDC439E278EF}.Debug|Any CPU.Build.0 = Debug|Any CPU
		{77FB0BDB-B583-4C06-AB43-CDC439E278EF}.Release|Any CPU.ActiveCfg = Release|Any CPU
		{77FB0BDB-B583-4C06-AB43-CDC439E278EF}.Release|Any CPU.Build.0 = Release|Any CPU
		{B64B3707-2FD1-4AF2-94D8-FA8BC7BE2F2D}.Debug|Any CPU.ActiveCfg = Debug|Any CPU
		{B64B3707-2FD1-4AF2-94D8-FA8BC7BE2F2D}.Debug|Any CPU.Build.0 = Debug|Any CPU
		{B64B3707-2FD1-4AF2-94D8-FA8BC7BE2F2D}.Release|Any CPU.ActiveCfg = Debug|Any CPU
		{B64B3707-2FD1-4AF2-94D8-FA8BC7BE2F2D}.Release|Any CPU.Build.0 = Debug|Any CPU
	EndGlobalSection
	GlobalSection(SolutionProperties) = preSolution
		HideSolutionNode = FALSE
	EndGlobalSection
	GlobalSection(ExtensibilityGlobals) = postSolution
		SolutionGuid = {3A6B68BC-B6F0-4B44-BA42-A1A9B0612616}
	EndGlobalSection
EndGlobal
